
Microsoft Visual Studio Solution File, Format Version 12.00
# Visual Studio Version 17
VisualStudioVersion = 17.0.31903.59
MinimumVisualStudioVersion = 10.0.40219.1
Project("{2150E333-8FDC-42A3-9474-1A3956D46DE8}") = "src", "src", "{827E0CD3-B72D-47B6-A68D-7590B98EB39B}"
EndProject
Project("{FAE04EC0-301F-11D3-BF4B-00C04F79EFBC}") = "GrafanaToCx.Core", "src\GrafanaToCx.Core\GrafanaToCx.Core.csproj", "{CD243617-F265-4F88-99C3-170DE652DB72}"
EndProject
Project("{FAE04EC0-301F-11D3-BF4B-00C04F79EFBC}") = "GrafanaToCx.Cli", "src\GrafanaToCx.Cli\GrafanaToCx.Cli.csproj", "{54DC52D2-452B-4344-AB96-A1DAADEFEE3A}"
EndProject
Project("{2150E333-8FDC-42A3-9474-1A3956D46DE8}") = "tests", "tests", "{0AB3BF05-4346-4AA6-1389-037BE0695223}"
EndProject
Project("{FAE04EC0-301F-11D3-BF4B-00C04F79EFBC}") = "GrafanaToCx.Core.Tests", "tests\GrafanaToCx.Core.Tests\GrafanaToCx.Core.Tests.csproj", "{CD08A4B7-9D91-4A5C-934A-0AB7F410774F}"
EndProject
Global
	GlobalSection(SolutionConfigurationPlatforms) = preSolution
		Debug|Any CPU = Debug|Any CPU
		Debug|x64 = Debug|x64
		Debug|x86 = Debug|x86
		Release|Any CPU = Release|Any CPU
		Release|x64 = Release|x64
		Release|x86 = Release|x86
	EndGlobalSection
	GlobalSection(ProjectConfigurationPlatforms) = postSolution
		{CD243617-F265-4F88-99C3-170DE652DB72}.Debug|Any CPU.ActiveCfg = Debug|Any CPU
		{CD243617-F265-4F88-99C3-170DE652DB72}.Debug|Any CPU.Build.0 = Debug|Any CPU
		{CD243617-F265-4F88-99C3-170DE652DB72}.Debug|x64.ActiveCfg = Debug|Any CPU
		{CD243617-F265-4F88-99C3-170DE652DB72}.Debug|x64.Build.0 = Debug|Any CPU
		{CD243617-F265-4F88-99C3-170DE652DB72}.Debug|x86.ActiveCfg = Debug|Any CPU
		{CD243617-F265-4F88-99C3-170DE652DB72}.Debug|x86.Build.0 = Debug|Any CPU
		{CD243617-F265-4F88-99C3-170DE652DB72}.Release|Any CPU.ActiveCfg = Release|Any CPU
		{CD243617-F265-4F88-99C3-170DE652DB72}.Release|Any CPU.Build.0 = Release|Any CPU
		{CD243617-F265-4F88-99C3-170DE652DB72}.Release|x64.ActiveCfg = Release|Any CPU
		{CD243617-F265-4F88-99C3-170DE652DB72}.Release|x64.Build.0 = Release|Any CPU
		{CD243617-F265-4F88-99C3-170DE652DB72}.Release|x86.ActiveCfg = Release|Any CPU
		{CD243617-F265-4F88-99C3-170DE652DB72}.Release|x86.Build.0 = Release|Any CPU
		{54DC52D2-452B-4344-AB96-A1DAADEFEE3A}.Debug|Any CPU.ActiveCfg = Debug|Any CPU
		{54DC52D2-452B-4344-AB96-A1DAADEFEE3A}.Debug|Any CPU.Build.0 = Debug|Any CPU
		{54DC52D2-452B-4344-AB96-A1DAADEFEE3A}.Debug|x64.ActiveCfg = Debug|Any CPU
		{54DC52D2-452B-4344-AB96-A1DAADEFEE3A}.Debug|x64.Build.0 = Debug|Any CPU
		{54DC52D2-452B-4344-AB96-A1DAADEFEE3A}.Debug|x86.ActiveCfg = Debug|Any CPU
		{54DC52D2-452B-4344-AB96-A1DAADEFEE3A}.Debug|x86.Build.0 = Debug|Any CPU
		{54DC52D2-452B-4344-AB96-A1DAADEFEE3A}.Release|Any CPU.ActiveCfg = Release|Any CPU
		{54DC52D2-452B-4344-AB96-A1DAADEFEE3A}.Release|Any CPU.Build.0 = Release|Any CPU
		{54DC52D2-452B-4344-AB96-A1DAADEFEE3A}.Release|x64.ActiveCfg = Release|Any CPU
		{54DC52D2-452B-4344-AB96-A1DAADEFEE3A}.Release|x64.Build.0 = Release|Any CPU
		{54DC52D2-452B-4344-AB96-A1DAADEFEE3A}.Release|x86.ActiveCfg = Release|Any CPU
		{54DC52D2-452B-4344-AB96-A1DAADEFEE3A}.Release|x86.Build.0 = Release|Any CPU
		{CD08A4B7-9D91-4A5C-934A-0AB7F410774F}.Debug|Any CPU.ActiveCfg = Debug|Any CPU
		{CD08A4B7-9D91-4A5C-934A-0AB7F410774F}.Debug|Any CPU.Build.0 = Debug|Any CPU
		{CD08A4B7-9D91-4A5C-934A-0AB7F410774F}.Debug|x64.ActiveCfg = Debug|Any CPU
		{CD08A4B7-9D91-4A5C-934A-0AB7F410774F}.Debug|x64.Build.0 = Debug|Any CPU
		{CD08A4B7-9D91-4A5C-934A-0AB7F410774F}.Debug|x86.ActiveCfg = Debug|Any CPU
		{CD08A4B7-9D91-4A5C-934A-0AB7F410774F}.Debug|x86.Build.0 = Debug|Any CPU
		{CD08A4B7-9D91-4A5C-934A-0AB7F410774F}.Release|Any CPU.ActiveCfg = Release|Any CPU
		{CD08A4B7-9D91-4A5C-934A-0AB7F410774F}.Release|Any CPU.Build.0 = Release|Any CPU
		{CD08A4B7-9D91-4A5C-934A-0AB7F410774F}.Release|x64.ActiveCfg = Release|Any CPU
		{CD08A4B7-9D91-4A5C-934A-0AB7F410774F}.Release|x64.Build.0 = Release|Any CPU
		{CD08A4B7-9D91-4A5C-934A-0AB7F410774F}.Release|x86.ActiveCfg = Release|Any CPU
		{CD08A4B7-9D91-4A5C-934A-0AB7F410774F}.Release|x86.Build.0 = Release|Any CPU
	EndGlobalSection
	GlobalSection(SolutionProperties) = preSolution
		HideSolutionNode = FALSE
	EndGlobalSection
	GlobalSection(NestedProjects) = preSolution
		{CD243617-F265-4F88-99C3-170DE652DB72} = {827E0CD3-B72D-47B6-A68D-7590B98EB39B}
		{54DC52D2-452B-4344-AB96-A1DAADEFEE3A} = {827E0CD3-B72D-47B6-A68D-7590B98EB39B}
		{CD08A4B7-9D91-4A5C-934A-0AB7F410774F} = {0AB3BF05-4346-4AA6-1389-037BE0695223}
	EndGlobalSection
EndGlobal
